# This file was autogenerated by Stack.
# You should not edit this file by hand.
# For more information, please see the documentation at:
#   https://docs.haskellstack.org/en/stable/lock_files

packages:
- completed:
    hackage: algebra-4.3.1@sha256:323cf20c508e0b71422b767ff3a89e4188f68aa59b2df9d0fe6e9f9bae7938fb,4129
    pantry-tree:
      size: 5556
      sha256: 2dea7d23304c09c902fb1f90f45b1b22df6ded47fb717742cca119f9f3667b21
  original:
    hackage: algebra-4.3.1
- completed:
    hackage: algebraic-prelude-0.1.1.0@sha256:08ee78346a36aee6533fa44acaeff3c5e94910a6413fb0d249e2c122ece3ad72,1247
    pantry-tree:
      size: 285
      sha256: 78c6e90b3c0d295adfa4183a2a3abdaac9a68df9d656e0b6b56de569dd8c420f
  original:
    hackage: algebraic-prelude-0.1.1.0
- completed:
    hackage: equational-reasoning-0.6.0.1@sha256:8a1422fb4a79f19d3e95e73f721aa764968e12768b5e2d2e2940e2db71d2e452,1737
    pantry-tree:
      size: 496
      sha256: 9ffa610397f60afd6f8843eaa4ab4b0b4fa69cdf26f6107990f07822b845a643
  original:
    hackage: equational-reasoning-0.6.0.1
- completed:
    hackage: ghc-typelits-presburger-0.3.0.0@sha256:a4c24ce3ed2bc46f91e5dd544429fc9caa42da5c3effbc09b2e4e064d325004e,2724
    pantry-tree:
      size: 528
      sha256: 20fecd68ff0be5884bf8bf5b8cfd52eb6be9d6f197c5735294e6079803a4263e
  original:
    hackage: ghc-typelits-presburger-0.3.0.0
- completed:
    hackage: sized-0.4.0.0@sha256:b83ddf55ea1588795a623963328f08d228c2b2506653362dfe8df90abec7a504,1839
    pantry-tree:
      size: 452
      sha256: 7c60fabeae7f97eb4c7f7f7856cc45fcfe9b323c3d9adbf7b8e4ea9193862f32
  original:
    hackage: sized-0.4.0.0
- completed:
    hackage: type-natural-0.8.3.1@sha256:cad5dbfa5ac95cb0d68c09d58cfca5c3e154cc786f0dfd2684c53f36203f1bda,3031
    pantry-tree:
      size: 1004
      sha256: 1843ae1ac6d5b529206ab93f6ab10b11f233fb99b799e19a50ea04b607fb0f39
  original:
    hackage: type-natural-0.8.3.1
- completed:
    hackage: unamb-0.2.7@sha256:ce5db0575bca8ca04c9e9dce3ba75b6f9e5ceea834c6ba4fae45aca6fa963334,2385
    pantry-tree:
      size: 217
      sha256: c3c4ac7408c2999b6779714459d2433ff2495f90161d7c3ca349ca3aa6386be8
  original:
    hackage: unamb-0.2.7
- completed:
    hackage: basic-prelude-0.6.1.1@sha256:c798883a924cbd3f3071eaa3e951ba005f7d082e9aff119586ce0a05511ffebf,2051
    pantry-tree:
      size: 369
      sha256: b5d4896c576f466d428e2f0dbf94ffb5b1c4788ec4ed91a1e732d71d6560a387
  original:
    hackage: basic-prelude-0.6.1.1
- completed:
    hackage: ReadArgs-1.2.3@sha256:c592c1e87db8e14e82a659e5b8b5d704b2a13263eaaab9934bfe807e8d415d50,3019
    pantry-tree:
      size: 314
      sha256: 816e1e87d3ab684556dda55cc133ad88809dff4f063d8b449b57f0845271d681
  original:
    hackage: ReadArgs-1.2.3
- completed:
    hackage: singletons-2.5.1@sha256:c1e95523813ecabb06c765180e200187287fc1b0e3cf710e913dac32c314dfab,6991
    pantry-tree:
      size: 23281
      sha256: b0ebbc83146b196f7c41d8500544e40a734e29fb552e834800c63221302fb0e8
  original:
    hackage: singletons-2.5.1
snapshots:
- completed:
    size: 523454
    url: https://raw.githubusercontent.com/commercialhaskell/stackage-snapshots/master/lts/14/2.yaml
    sha256: 593deeb8366fd69b9e3b7611759ecee87d0d76c08c2ba363b38b7fb119e9fc22
  original: lts-14.2
