# This file was autogenerated by Stack.
# You should not edit this file by hand.
# For more information, please see the documentation at:
#   https://docs.haskellstack.org/en/stable/lock_files

packages:
- completed:
    commit: 179c3617605c87daaac9f88ea81146c41e54f602
    git: https://github.com/konn/computational-algebra
    name: halg-core
    pantry-tree:
      sha256: 6a4bb67ebeb60d4729e0a6782b338e5daf1ae469f74a3669f53c5463b872f2a5
      size: 1342
    subdir: halg-core
    version: 0.6.0.0
  original:
    commit: 179c3617605c87daaac9f88ea81146c41e54f602
    git: https://github.com/konn/computational-algebra
    subdir: halg-core
- completed:
    commit: 179c3617605c87daaac9f88ea81146c41e54f602
    git: https://github.com/konn/computational-algebra
    name: halg-polynomials
    pantry-tree:
      sha256: 88bb1a0d607d511181f83514d82a82f0220dcb44b7378a119a1af36ebf7a2240
      size: 1396
    subdir: halg-polynomials
    version: 0.6.0.0
  original:
    commit: 179c3617605c87daaac9f88ea81146c41e54f602
    git: https://github.com/konn/computational-algebra
    subdir: halg-polynomials
- completed:
    hackage: algebra-4.3.1@sha256:5bb7e0db14ee455e54005a6948fb9dd4440a1e5dc766480c2ac46cda01a6d2b1,4129
    pantry-tree:
      sha256: 1558d9ab98e58c737f7a417ac026c83adc58bb2950f6c094947ef7f72d0d4c71
      size: 5556
  original:
    hackage: algebra-4.3.1@sha256:5bb7e0db14ee455e54005a6948fb9dd4440a1e5dc766480c2ac46cda01a6d2b1,4129
- completed:
    hackage: algebraic-prelude-0.1.1.0@sha256:08ee78346a36aee6533fa44acaeff3c5e94910a6413fb0d249e2c122ece3ad72,1247
    pantry-tree:
      sha256: 78c6e90b3c0d295adfa4183a2a3abdaac9a68df9d656e0b6b56de569dd8c420f
      size: 285
  original:
    hackage: algebraic-prelude-0.1.1.0@sha256:08ee78346a36aee6533fa44acaeff3c5e94910a6413fb0d249e2c122ece3ad72,1247
- completed:
    hackage: basic-prelude-0.6.1.1@sha256:c798883a924cbd3f3071eaa3e951ba005f7d082e9aff119586ce0a05511ffebf,2051
    pantry-tree:
      sha256: b5d4896c576f466d428e2f0dbf94ffb5b1c4788ec4ed91a1e732d71d6560a387
      size: 369
  original:
    hackage: basic-prelude-0.6.1.1@sha256:c798883a924cbd3f3071eaa3e951ba005f7d082e9aff119586ce0a05511ffebf,2051
- completed:
    hackage: semigroups-0.18.5@sha256:41ef9f5f183f66c519c5cddcb3fbfdbc9b67a2b7bfae7d81f91de9ff7367d8c6,5828
    pantry-tree:
      sha256: 7fe152b45de8c6a929db10c68b0576e35f7054492c528e8aa10cb1af2fc80953
      size: 533
  original:
    hackage: semigroups-0.18.5@sha256:41ef9f5f183f66c519c5cddcb3fbfdbc9b67a2b7bfae7d81f91de9ff7367d8c6,5828
- completed:
    hackage: ReadArgs-1.2.3@sha256:c592c1e87db8e14e82a659e5b8b5d704b2a13263eaaab9934bfe807e8d415d50,3019
    pantry-tree:
      sha256: 816e1e87d3ab684556dda55cc133ad88809dff4f063d8b449b57f0845271d681
      size: 314
  original:
    hackage: ReadArgs-1.2.3@sha256:c592c1e87db8e14e82a659e5b8b5d704b2a13263eaaab9934bfe807e8d415d50,3019
- completed:
    hackage: unamb-0.2.7@sha256:ce5db0575bca8ca04c9e9dce3ba75b6f9e5ceea834c6ba4fae45aca6fa963334,2385
    pantry-tree:
      sha256: c3c4ac7408c2999b6779714459d2433ff2495f90161d7c3ca349ca3aa6386be8
      size: 217
  original:
    hackage: unamb-0.2.7@sha256:ce5db0575bca8ca04c9e9dce3ba75b6f9e5ceea834c6ba4fae45aca6fa963334,2385
snapshots:
- completed:
    sha256: e93a85871577ea3423d5f3454b2b6bd37c2c2123c79faf511dfb64f5b49a9f8b
    size: 563100
    url: https://raw.githubusercontent.com/commercialhaskell/stackage-snapshots/master/lts/17/0.yaml
  original: lts-17.0
