# This file was autogenerated by Stack.
# You should not edit this file by hand.
# For more information, please see the documentation at:
#   https://docs.haskellstack.org/en/stable/lock_files

packages:
- completed:
    hackage: computational-algebra-0.5.1.0@sha256:c653403e697549900868d043486f0ba73c1da798389fdfff6b2937ec32c61dfa,26848
    pantry-tree:
      size: 4816
      sha256: 9ed02cd5b0a662efbdbaeff99c6e1fb9391110ad7dd3b21adf1ebb12db5389fc
  original:
    hackage: computational-algebra-0.5.1.0
- completed:
    hackage: ListLike-4.5.1@sha256:a4092cd7f02fae596953ef117ca5fb5714e09e397248526c3b5746e1a97a7e1d,2949
    pantry-tree:
      size: 1802
      sha256: 357e8411b0bdf7a9c76d214711a8f74ef82f2677ca66c121ecbfc3c18b869bfc
  original:
    hackage: ListLike-4.5.1
- completed:
    hackage: algebraic-prelude-0.1.1.0@sha256:08ee78346a36aee6533fa44acaeff3c5e94910a6413fb0d249e2c122ece3ad72,1247
    pantry-tree:
      size: 285
      sha256: 78c6e90b3c0d295adfa4183a2a3abdaac9a68df9d656e0b6b56de569dd8c420f
  original:
    hackage: algebraic-prelude-0.1.1.0
- completed:
    hackage: constraints-0.9.1@sha256:a453decf79d7023eb44096eb161ceb05ef9db6e99bd98053126c9287cfa4b4ab,1707
    pantry-tree:
      size: 757
      sha256: b4a58b48a4592a19a1e9e3737140a9910dad0677edfbed8baba238b6730b22f5
  original:
    hackage: constraints-0.9.1
- completed:
    hackage: control-monad-loop-0.1@sha256:2b8d9fbc6e53f2c8f679188952b90f2c69507d1c1efd8867beb64591a22b341c,1106
    pantry-tree:
      size: 466
      sha256: e0bb7221ac929e5fe3722f4838551e962589a8fed18199d9791385864855f466
  original:
    hackage: control-monad-loop-0.1
- completed:
    hackage: equational-reasoning-0.5.1.1@sha256:e9d4899a13fe3154b1760a1d1f816829ad23f8a653a6c31db9aaaa82f3f63d1e,1680
    pantry-tree:
      size: 622
      sha256: 42d969e6c27a4096cbf2422f1bd4ac56c1b8e313cdd6f4f04c69aa04449974ce
  original:
    hackage: equational-reasoning-0.5.1.1
- completed:
    hackage: ghc-typelits-knownnat-0.3.1@sha256:79b408ae8de3c75b2b7336c91e5054e0845c85875077214be2e737a5bf805064,4558
    pantry-tree:
      size: 601
      sha256: cf9f455c102500e0f5638bdd08e3a5d9bfa63d655f9b159fe10949e0d9803cb1
  original:
    hackage: ghc-typelits-knownnat-0.3.1
- completed:
    hackage: ghc-typelits-presburger-0.1.1.1@sha256:c8c6029c2d767a7d2310f3cb015fc3c6d30bd01e401911fbc2c0a4c8ca3f8bc6,1703
    pantry-tree:
      size: 362
      sha256: 39a42cfd47cfd78001f29f5b02b066dd5b3dfaec229e7d94caaa41129c1d7821
  original:
    hackage: ghc-typelits-presburger-0.1.1.1
- completed:
    hackage: lens-4.15.4@sha256:33224b10fcf89478d4ba895126fa802749276c5e7e8140451d9a1b340683981e,14665
    pantry-tree:
      size: 7713
      sha256: 4c4af779225e203b987509d4db0b3b04e037dac32e9783d77ab18a4aef7acc37
  original:
    hackage: lens-4.15.4
- completed:
    hackage: monomorphic-0.0.3.3@sha256:abdb081e32462b7bd6d0b3bba3265ef9d67f111eed401eb24308f63e9abb52b5,1065
    pantry-tree:
      size: 269
      sha256: 9eb2820180e6173102fc69421efd736a1db952a0bbae85aabbd12c712f84d8ee
  original:
    hackage: monomorphic-0.0.3.3
- completed:
    hackage: sized-0.2.1.1@sha256:ff1d1fff0b2d794cbaf2587020637a8003b3db98be467f5310a8b14b75c28931,1051
    pantry-tree:
      size: 452
      sha256: 3a7e61afecaa1900a57ad5b3629c771bc53b87fd4d8281000e398634455e59b5
  original:
    hackage: sized-0.2.1.1
- completed:
    hackage: type-natural-0.7.1.4@sha256:d689e0f3c05699aef03f461288ee35fd9d8a8e341e49e0631ed21d0fbfcee53c,1888
    pantry-tree:
      size: 912
      sha256: 9e1c0833cdf6db3a3e84e9d74b563ccd4ed4690c6e51b2ee01c75736071e7c70
  original:
    hackage: type-natural-0.7.1.4
- completed:
    hackage: unamb-0.2.7@sha256:ce5db0575bca8ca04c9e9dce3ba75b6f9e5ceea834c6ba4fae45aca6fa963334,2385
    pantry-tree:
      size: 217
      sha256: c3c4ac7408c2999b6779714459d2433ff2495f90161d7c3ca349ca3aa6386be8
  original:
    hackage: unamb-0.2.7
- completed:
    hackage: basic-prelude-0.6.1.1@sha256:c798883a924cbd3f3071eaa3e951ba005f7d082e9aff119586ce0a05511ffebf,2051
    pantry-tree:
      size: 369
      sha256: b5d4896c576f466d428e2f0dbf94ffb5b1c4788ec4ed91a1e732d71d6560a387
  original:
    hackage: basic-prelude-0.6.1.1
- completed:
    hackage: presburger-1.3.1@sha256:78a88b2fa0b18c2341e2a1dc6205fbdc9ebc6f28d43a906ec6e655eeffad2509,952
    pantry-tree:
      size: 270
      sha256: ffe7ccdc8526b179905bae2efbe11e80f13ebffd587e611502055f6d77e6d86c
  original:
    hackage: presburger-1.3.1
- completed:
    hackage: free-4.12.4@sha256:c014d770f289f8afa7a4b7ff167dda84b8b4c341ab5c76088538735d575ab13e,3371
    pantry-tree:
      size: 2812
      sha256: 44382c6d6cd9ac6df5a259ddf5e9b2d2a2c0f7b8a1aff5596ab62dabb85626d6
  original:
    hackage: free-4.12.4
- completed:
    hackage: ReadArgs-1.2.3@sha256:c592c1e87db8e14e82a659e5b8b5d704b2a13263eaaab9934bfe807e8d415d50,3019
    pantry-tree:
      size: 314
      sha256: 816e1e87d3ab684556dda55cc133ad88809dff4f063d8b449b57f0845271d681
  original:
    hackage: ReadArgs-1.2.3
snapshots:
- completed:
    size: 527414
    url: https://raw.githubusercontent.com/commercialhaskell/stackage-snapshots/master/lts/11/17.yaml
    sha256: 2a687b708201e99b547c4512163d5dd851972cbf36eb00242b7716254f4f7357
  original: lts-11.17
